
Microsoft Visual Studio Solution File, Format Version 12.00
# Visual Studio Version 17
VisualStudioVersion = 17.4.33205.214
MinimumVisualStudioVersion = 10.0.40219.1
Project("{FAE04EC0-301F-11D3-BF4B-00C04F79EFBC}") = "BangBang", "BangBang\BangBang.csproj", "{BAD6AD0E-F44C-45B0-BF4C-0F3B06B0BF81}"
EndProject
Global
	GlobalSection(SolutionConfigurationPlatforms) = preSolution
		Debug|Any CPU = Debug|Any CPU
		Release|Any CPU = Release|Any CPU
	EndGlobalSection
	GlobalSection(ProjectConfigurationPlatforms) = postSolution
		{BAD6AD0E-F44C-45B0-BF4C-0F3B06B0BF81}.Debug|Any CPU.ActiveCfg = Debug|Any CPU
		{BAD6AD0E-F44C-45B0-BF4C-0F3B06B0BF81}.Debug|Any CPU.Build.0 = Debug|Any CPU
		{BAD6AD0E-F44C-45B0-BF4C-0F3B06B0BF81}.Release|Any CPU.ActiveCfg = Release|Any CPU
		{BAD6AD0E-F44C-45B0-BF4C-0F3B06B0BF81}.Release|Any CPU.Build.0 = Release|Any CPU
	EndGlobalSection
	GlobalSection(SolutionProperties) = preSolution
		HideSolutionNode = FALSE
	EndGlobalSection
	GlobalSection(ExtensibilityGlobals) = postSolution
		SolutionGuid = {5DA9E5D0-8524-4E02-8FB8-760194671005}
	EndGlobalSection
EndGlobal
